
Microsoft Visual Studio Solution File, Format Version 12.00
# Visual Studio Version 16
VisualStudioVersion = 16.0.29806.167
MinimumVisualStudioVersion = 10.0.40219.1
Project("{9A19103F-16F7-4668-BE54-9A1E7A4F7556}") = "DigitalLock", "DigitalLock\DigitalLock.csproj", "{6E0BACCB-8158-4BAB-8088-3B23819E27C0}"
EndProject
Global
	GlobalSection(SolutionConfigurationPlatforms) = preSolution
		Debug|Any CPU = Debug|Any CPU
		Release|Any CPU = Release|Any CPU
	EndGlobalSection
	GlobalSection(ProjectConfigurationPlatforms) = postSolution
		{6E0BACCB-8158-4BAB-8088-3B23819E27C0}.Debug|Any CPU.ActiveCfg = Debug|Any CPU
		{6E0BACCB-8158-4BAB-8088-3B23819E27C0}.Debug|Any CPU.Build.0 = Debug|Any CPU
		{6E0BACCB-8158-4BAB-8088-3B23819E27C0}.Release|Any CPU.ActiveCfg = Release|Any CPU
		{6E0BACCB-8158-4BAB-8088-3B23819E27C0}.Release|Any CPU.Build.0 = Release|Any CPU
	EndGlobalSection
	GlobalSection(SolutionProperties) = preSolution
		HideSolutionNode = FALSE
	EndGlobalSection
	GlobalSection(ExtensibilityGlobals) = postSolution
		SolutionGuid = {72945BCC-38B4-4A0E-A5A3-8E816757019D}
	EndGlobalSection
EndGlobal
